// !$*UTF8*$!
{
	archiveVersion = 1;
	classes = {
	};
	objectVersion = 55;
	objects = {

/* Begin PBXBuildFile section */
		2607B69F283A3D4000FBC355 /* private_pkcs1.pem in Resources */ = {isa = PBXBuildFile; fileRef = 2607B69D283A3CCC00FBC355 /* private_pkcs1.pem */; };
		2607B6A0283A3D4000FBC355 /* public_pkcs1.pem in Resources */ = {isa = PBXBuildFile; fileRef = 2607B69E283A3CCC00FBC355 /* public_pkcs1.pem */; };
		2607B6A2283BAE6300FBC355 /* DeveloperCertification.cer in Resources */ = {isa = PBXBuildFile; fileRef = 2607B6A1283BAE6300FBC355 /* DeveloperCertification.cer */; };
		2639AC5E280E61D1004A2556 /* Date+Basic.swift in Sources */ = {isa = PBXBuildFile; fileRef = 2639AC5D280E61D1004A2556 /* Date+Basic.swift */; };
		2639AC62280FF1E5004A2556 /* Data+SecKey.swift in Sources */ = {isa = PBXBuildFile; fileRef = 2639AC61280FF1E5004A2556 /* Data+SecKey.swift */; };
		2639AC672814011C004A2556 /* SecCertificate+Basic.swift in Sources */ = {isa = PBXBuildFile; fileRef = 2639AC662814011C004A2556 /* SecCertificate+Basic.swift */; };
		26D13F512807B70D0066521C /* WHFoundationExtension.docc in Sources */ = {isa = PBXBuildFile; fileRef = 26D13F502807B70D0066521C /* WHFoundationExtension.docc */; };
		26D13F572807B70D0066521C /* WHFoundationExtension.framework in Frameworks */ = {isa = PBXBuildFile; fileRef = 26D13F4C2807B70D0066521C /* WHFoundationExtension.framework */; };
		26D13F5C2807B70D0066521C /* WHFoundationExtensionTests.swift in Sources */ = {isa = PBXBuildFile; fileRef = 26D13F5B2807B70D0066521C /* WHFoundationExtensionTests.swift */; };
		26D13F5D2807B70D0066521C /* WHFoundationExtension.h in Headers */ = {isa = PBXBuildFile; fileRef = 26D13F4F2807B70D0066521C /* WHFoundationExtension.h */; settings = {ATTRIBUTES = (Public, ); }; };
		26D13F692807B7970066521C /* Data+Basic.swift in Sources */ = {isa = PBXBuildFile; fileRef = 26D13F682807B7970066521C /* Data+Basic.swift */; };
		26D13F6D28090EA40066521C /* Data+CommonCrypto.swift in Sources */ = {isa = PBXBuildFile; fileRef = 26D13F6C28090EA40066521C /* Data+CommonCrypto.swift */; };
		26D13F72280928AD0066521C /* String+Date.swift in Sources */ = {isa = PBXBuildFile; fileRef = 26D13F71280928AD0066521C /* String+Date.swift */; };
		26D13F74280977090066521C /* String+UrlEncoding.swift in Sources */ = {isa = PBXBuildFile; fileRef = 26D13F73280977090066521C /* String+UrlEncoding.swift */; };
		26D7E6AC280A82AB00204E68 /* String+Color.swift in Sources */ = {isa = PBXBuildFile; fileRef = 26D7E6AB280A82AB00204E68 /* String+Color.swift */; };
		26D7E6B3280A865600204E68 /* Dictionary+Basic.swift in Sources */ = {isa = PBXBuildFile; fileRef = 26D7E6B2280A865600204E68 /* Dictionary+Basic.swift */; };
		26D7E6B5280A870600204E68 /* String+Basic.swift in Sources */ = {isa = PBXBuildFile; fileRef = 26D7E6B4280A870600204E68 /* String+Basic.swift */; };
		26D7E6B8280A8C1900204E68 /* UInt+Basic.swift in Sources */ = {isa = PBXBuildFile; fileRef = 26D7E6B7280A8C1900204E68 /* UInt+Basic.swift */; };
/* End PBXBuildFile section */

/* Begin PBXContainerItemProxy section */
		26D13F582807B70D0066521C /* PBXContainerItemProxy */ = {
			isa = PBXContainerItemProxy;
			containerPortal = 26D13F432807B70D0066521C /* Project object */;
			proxyType = 1;
			remoteGlobalIDString = 26D13F4B2807B70D0066521C;
			remoteInfo = WHFoundationExtension;
		};
/* End PBXContainerItemProxy section */

/* Begin PBXFileReference section */
		2607B69D283A3CCC00FBC355 /* private_pkcs1.pem */ = {isa = PBXFileReference; lastKnownFileType = text; path = private_pkcs1.pem; sourceTree = "<group>"; };
		2607B69E283A3CCC00FBC355 /* public_pkcs1.pem */ = {isa = PBXFileReference; lastKnownFileType = text; path = public_pkcs1.pem; sourceTree = "<group>"; };
		2607B6A1283BAE6300FBC355 /* DeveloperCertification.cer */ = {isa = PBXFileReference; lastKnownFileType = file; path = DeveloperCertification.cer; sourceTree = "<group>"; };
		2639AC5D280E61D1004A2556 /* Date+Basic.swift */ = {isa = PBXFileReference; lastKnownFileType = sourcecode.swift; path = "Date+Basic.swift"; sourceTree = "<group>"; };
		2639AC61280FF1E5004A2556 /* Data+SecKey.swift */ = {isa = PBXFileReference; lastKnownFileType = sourcecode.swift; path = "Data+SecKey.swift"; sourceTree = "<group>"; };
		2639AC662814011C004A2556 /* SecCertificate+Basic.swift */ = {isa = PBXFileReference; lastKnownFileType = sourcecode.swift; path = "SecCertificate+Basic.swift"; sourceTree = "<group>"; };
		26D13F4C2807B70D0066521C /* WHFoundationExtension.framework */ = {isa = PBXFileReference; explicitFileType = wrapper.framework; includeInIndex = 0; path = WHFoundationExtension.framework; sourceTree = BUILT_PRODUCTS_DIR; };
		26D13F4F2807B70D0066521C /* WHFoundationExtension.h */ = {isa = PBXFileReference; lastKnownFileType = sourcecode.c.h; path = WHFoundationExtension.h; sourceTree = "<group>"; };
		26D13F502807B70D0066521C /* WHFoundationExtension.docc */ = {isa = PBXFileReference; lastKnownFileType = folder.documentationcatalog; path = WHFoundationExtension.docc; sourceTree = "<group>"; };
		26D13F562807B70D0066521C /* WHFoundationExtensionTests.xctest */ = {isa = PBXFileReference; explicitFileType = wrapper.cfbundle; includeInIndex = 0; path = WHFoundationExtensionTests.xctest; sourceTree = BUILT_PRODUCTS_DIR; };
		26D13F5B2807B70D0066521C /* WHFoundationExtensionTests.swift */ = {isa = PBXFileReference; lastKnownFileType = sourcecode.swift; path = WHFoundationExtensionTests.swift; sourceTree = "<group>"; };
		26D13F682807B7970066521C /* Data+Basic.swift */ = {isa = PBXFileReference; fileEncoding = 4; lastKnownFileType = sourcecode.swift; path = "Data+Basic.swift"; sourceTree = "<group>"; };
		26D13F6C28090EA40066521C /* Data+CommonCrypto.swift */ = {isa = PBXFileReference; lastKnownFileType = sourcecode.swift; path = "Data+CommonCrypto.swift"; sourceTree = "<group>"; };
		26D13F71280928AD0066521C /* String+Date.swift */ = {isa = PBXFileReference; lastKnownFileType = sourcecode.swift; path = "String+Date.swift"; sourceTree = "<group>"; };
		26D13F73280977090066521C /* String+UrlEncoding.swift */ = {isa = PBXFileReference; lastKnownFileType = sourcecode.swift; path = "String+UrlEncoding.swift"; sourceTree = "<group>"; };
		26D7E6AB280A82AB00204E68 /* String+Color.swift */ = {isa = PBXFileReference; lastKnownFileType = sourcecode.swift; path = "String+Color.swift"; sourceTree = "<group>"; };
		26D7E6B2280A865600204E68 /* Dictionary+Basic.swift */ = {isa = PBXFileReference; lastKnownFileType = sourcecode.swift; path = "Dictionary+Basic.swift"; sourceTree = "<group>"; };
		26D7E6B4280A870600204E68 /* String+Basic.swift */ = {isa = PBXFileReference; lastKnownFileType = sourcecode.swift; path = "String+Basic.swift"; sourceTree = "<group>"; };
		26D7E6B7280A8C1900204E68 /* UInt+Basic.swift */ = {isa = PBXFileReference; lastKnownFileType = sourcecode.swift; path = "UInt+Basic.swift"; sourceTree = "<group>"; };
/* End PBXFileReference section */

/* Begin PBXFrameworksBuildPhase section */
		26D13F492807B70D0066521C /* Frameworks */ = {
			isa = PBXFrameworksBuildPhase;
			buildActionMask = 2147483647;
			files = (
			);
			runOnlyForDeploymentPostprocessing = 0;
		};
		26D13F532807B70D0066521C /* Frameworks */ = {
			isa = PBXFrameworksBuildPhase;
			buildActionMask = 2147483647;
			files = (
				26D13F572807B70D0066521C /* WHFoundationExtension.framework in Frameworks */,
			);
			runOnlyForDeploymentPostprocessing = 0;
		};
/* End PBXFrameworksBuildPhase section */

/* Begin PBXGroup section */
		2639AC65281400FA004A2556 /* Certificate */ = {
			isa = PBXGroup;
			children = (
				2639AC662814011C004A2556 /* SecCertificate+Basic.swift */,
			);
			path = Certificate;
			sourceTree = "<group>";
		};
		26D13F422807B70D0066521C = {
			isa = PBXGroup;
			children = (
				26D13F4E2807B70D0066521C /* WHFoundationExtension */,
				26D13F5A2807B70D0066521C /* WHFoundationExtensionTests */,
				26D13F4D2807B70D0066521C /* Products */,
			);
			sourceTree = "<group>";
		};
		26D13F4D2807B70D0066521C /* Products */ = {
			isa = PBXGroup;
			children = (
				26D13F4C2807B70D0066521C /* WHFoundationExtension.framework */,
				26D13F562807B70D0066521C /* WHFoundationExtensionTests.xctest */,
			);
			name = Products;
			sourceTree = "<group>";
		};
		26D13F4E2807B70D0066521C /* WHFoundationExtension */ = {
			isa = PBXGroup;
			children = (
				26D13F662807B7970066521C /* Source */,
				26D13F4F2807B70D0066521C /* WHFoundationExtension.h */,
				26D13F502807B70D0066521C /* WHFoundationExtension.docc */,
			);
			path = WHFoundationExtension;
			sourceTree = "<group>";
		};
		26D13F5A2807B70D0066521C /* WHFoundationExtensionTests */ = {
			isa = PBXGroup;
			children = (
				26D13F5B2807B70D0066521C /* WHFoundationExtensionTests.swift */,
				2607B69D283A3CCC00FBC355 /* private_pkcs1.pem */,
				2607B69E283A3CCC00FBC355 /* public_pkcs1.pem */,
				2607B6A1283BAE6300FBC355 /* DeveloperCertification.cer */,
			);
			path = WHFoundationExtensionTests;
			sourceTree = "<group>";
		};
		26D13F662807B7970066521C /* Source */ = {
			isa = PBXGroup;
			children = (
				2639AC65281400FA004A2556 /* Certificate */,
				26D7E6B6280A8BE500204E68 /* ByteOrder */,
				26D7E6B1280A83B600204E68 /* Date */,
				26D7E6B0280A839B00204E68 /* Dictionary */,
				26D7E6AE280A831800204E68 /* Array */,
				26D13F6E28090EC80066521C /* String */,
				26D13F672807B7970066521C /* Data */,
			);
			path = Source;
			sourceTree = "<group>";
		};
		26D13F672807B7970066521C /* Data */ = {
			isa = PBXGroup;
			children = (
				26D13F682807B7970066521C /* Data+Basic.swift */,
				26D13F6C28090EA40066521C /* Data+CommonCrypto.swift */,
				2639AC61280FF1E5004A2556 /* Data+SecKey.swift */,
			);
			path = Data;
			sourceTree = "<group>";
		};
		26D13F6E28090EC80066521C /* String */ = {
			isa = PBXGroup;
			children = (
				26D7E6B4280A870600204E68 /* String+Basic.swift */,
				26D13F71280928AD0066521C /* String+Date.swift */,
				26D13F73280977090066521C /* String+UrlEncoding.swift */,
				26D7E6AB280A82AB00204E68 /* String+Color.swift */,
			);
			path = String;
			sourceTree = "<group>";
		};
		26D7E6AE280A831800204E68 /* Array */ = {
			isa = PBXGroup;
			children = (
			);
			path = Array;
			sourceTree = "<group>";
		};
		26D7E6B0280A839B00204E68 /* Dictionary */ = {
			isa = PBXGroup;
			children = (
				26D7E6B2280A865600204E68 /* Dictionary+Basic.swift */,
			);
			path = Dictionary;
			sourceTree = "<group>";
		};
		26D7E6B1280A83B600204E68 /* Date */ = {
			isa = PBXGroup;
			children = (
				2639AC5D280E61D1004A2556 /* Date+Basic.swift */,
			);
			path = Date;
			sourceTree = "<group>";
		};
		26D7E6B6280A8BE500204E68 /* ByteOrder */ = {
			isa = PBXGroup;
			children = (
				26D7E6B7280A8C1900204E68 /* UInt+Basic.swift */,
			);
			path = ByteOrder;
			sourceTree = "<group>";
		};
/* End PBXGroup section */

/* Begin PBXHeadersBuildPhase section */
		26D13F472807B70D0066521C /* Headers */ = {
			isa = PBXHeadersBuildPhase;
			buildActionMask = 2147483647;
			files = (
				26D13F5D2807B70D0066521C /* WHFoundationExtension.h in Headers */,
			);
			runOnlyForDeploymentPostprocessing = 0;
		};
/* End PBXHeadersBuildPhase section */

/* Begin PBXNativeTarget section */
		26D13F4B2807B70D0066521C /* WHFoundationExtension */ = {
			isa = PBXNativeTarget;
			buildConfigurationList = 26D13F602807B70D0066521C /* Build configuration list for PBXNativeTarget "WHFoundationExtension" */;
			buildPhases = (
				26D13F472807B70D0066521C /* Headers */,
				26D13F482807B70D0066521C /* Sources */,
				26D13F492807B70D0066521C /* Frameworks */,
				26D13F4A2807B70D0066521C /* Resources */,
			);
			buildRules = (
			);
			dependencies = (
			);
			name = WHFoundationExtension;
			productName = WHFoundationExtension;
			productReference = 26D13F4C2807B70D0066521C /* WHFoundationExtension.framework */;
			productType = "com.apple.product-type.framework";
		};
		26D13F552807B70D0066521C /* WHFoundationExtensionTests */ = {
			isa = PBXNativeTarget;
			buildConfigurationList = 26D13F632807B70D0066521C /* Build configuration list for PBXNativeTarget "WHFoundationExtensionTests" */;
			buildPhases = (
				26D13F522807B70D0066521C /* Sources */,
				26D13F532807B70D0066521C /* Frameworks */,
				26D13F542807B70D0066521C /* Resources */,
			);
			buildRules = (
			);
			dependencies = (
				26D13F592807B70D0066521C /* PBXTargetDependency */,
			);
			name = WHFoundationExtensionTests;
			productName = WHFoundationExtensionTests;
			productReference = 26D13F562807B70D0066521C /* WHFoundationExtensionTests.xctest */;
			productType = "com.apple.product-type.bundle.unit-test";
		};
/* End PBXNativeTarget section */

/* Begin PBXProject section */
		26D13F432807B70D0066521C /* Project object */ = {
			isa = PBXProject;
			attributes = {
				BuildIndependentTargetsInParallel = 1;
				LastSwiftUpdateCheck = 1330;
				LastUpgradeCheck = 1330;
				TargetAttributes = {
					26D13F4B2807B70D0066521C = {
						CreatedOnToolsVersion = 13.3.1;
					};
					26D13F552807B70D0066521C = {
						CreatedOnToolsVersion = 13.3.1;
					};
				};
			};
			buildConfigurationList = 26D13F462807B70D0066521C /* Build configuration list for PBXProject "WHFoundationExtension" */;
			compatibilityVersion = "Xcode 13.0";
			developmentRegion = en;
			hasScannedForEncodings = 0;
			knownRegions = (
				en,
				Base,
			);
			mainGroup = 26D13F422807B70D0066521C;
			productRefGroup = 26D13F4D2807B70D0066521C /* Products */;
			projectDirPath = "";
			projectRoot = "";
			targets = (
				26D13F4B2807B70D0066521C /* WHFoundationExtension */,
				26D13F552807B70D0066521C /* WHFoundationExtensionTests */,
			);
		};
/* End PBXProject section */

/* Begin PBXResourcesBuildPhase section */
		26D13F4A2807B70D0066521C /* Resources */ = {
			isa = PBXResourcesBuildPhase;
			buildActionMask = 2147483647;
			files = (
			);
			runOnlyForDeploymentPostprocessing = 0;
		};
		26D13F542807B70D0066521C /* Resources */ = {
			isa = PBXResourcesBuildPhase;
			buildActionMask = 2147483647;
			files = (
				2607B69F283A3D4000FBC355 /* private_pkcs1.pem in Resources */,
				2607B6A2283BAE6300FBC355 /* DeveloperCertification.cer in Resources */,
				2607B6A0283A3D4000FBC355 /* public_pkcs1.pem in Resources */,
			);
			runOnlyForDeploymentPostprocessing = 0;
		};
/* End PBXResourcesBuildPhase section */

/* Begin PBXSourcesBuildPhase section */
		26D13F482807B70D0066521C /* Sources */ = {
			isa = PBXSourcesBuildPhase;
			buildActionMask = 2147483647;
			files = (
				26D7E6B8280A8C1900204E68 /* UInt+Basic.swift in Sources */,
				26D13F74280977090066521C /* String+UrlEncoding.swift in Sources */,
				26D13F692807B7970066521C /* Data+Basic.swift in Sources */,
				26D13F512807B70D0066521C /* WHFoundationExtension.docc in Sources */,
				2639AC672814011C004A2556 /* SecCertificate+Basic.swift in Sources */,
				26D7E6B3280A865600204E68 /* Dictionary+Basic.swift in Sources */,
				2639AC62280FF1E5004A2556 /* Data+SecKey.swift in Sources */,
				26D13F72280928AD0066521C /* String+Date.swift in Sources */,
				26D7E6B5280A870600204E68 /* String+Basic.swift in Sources */,
				26D7E6AC280A82AB00204E68 /* String+Color.swift in Sources */,
				26D13F6D28090EA40066521C /* Data+CommonCrypto.swift in Sources */,
				2639AC5E280E61D1004A2556 /* Date+Basic.swift in Sources */,
			);
			runOnlyForDeploymentPostprocessing = 0;
		};
		26D13F522807B70D0066521C /* Sources */ = {
			isa = PBXSourcesBuildPhase;
			buildActionMask = 2147483647;
			files = (
				26D13F5C2807B70D0066521C /* WHFoundationExtensionTests.swift in Sources */,
			);
			runOnlyForDeploymentPostprocessing = 0;
		};
/* End PBXSourcesBuildPhase section */

/* Begin PBXTargetDependency section */
		26D13F592807B70D0066521C /* PBXTargetDependency */ = {
			isa = PBXTargetDependency;
			target = 26D13F4B2807B70D0066521C /* WHFoundationExtension */;
			targetProxy = 26D13F582807B70D0066521C /* PBXContainerItemProxy */;
		};
/* End PBXTargetDependency section */

/* Begin XCBuildConfiguration section */
		26D13F5E2807B70D0066521C /* Debug */ = {
			isa = XCBuildConfiguration;
			buildSettings = {
				ALWAYS_SEARCH_USER_PATHS = NO;
				CLANG_ANALYZER_NONNULL = YES;
				CLANG_ANALYZER_NUMBER_OBJECT_CONVERSION = YES_AGGRESSIVE;
				CLANG_CXX_LANGUAGE_STANDARD = "gnu++17";
				CLANG_ENABLE_MODULES = YES;
				CLANG_ENABLE_OBJC_ARC = YES;
				CLANG_ENABLE_OBJC_WEAK = YES;
				CLANG_WARN_BLOCK_CAPTURE_AUTORELEASING = YES;
				CLANG_WARN_BOOL_CONVERSION = YES;
				CLANG_WARN_COMMA = YES;
				CLANG_WARN_CONSTANT_CONVERSION = YES;
				CLANG_WARN_DEPRECATED_OBJC_IMPLEMENTATIONS = YES;
				CLANG_WARN_DIRECT_OBJC_ISA_USAGE = YES_ERROR;
				CLANG_WARN_DOCUMENTATION_COMMENTS = YES;
				CLANG_WARN_EMPTY_BODY = YES;
				CLANG_WARN_ENUM_CONVERSION = YES;
				CLANG_WARN_INFINITE_RECURSION = YES;
				CLANG_WARN_INT_CONVERSION = YES;
				CLANG_WARN_NON_LITERAL_NULL_CONVERSION = YES;
				CLANG_WARN_OBJC_IMPLICIT_RETAIN_SELF = YES;
				CLANG_WARN_OBJC_LITERAL_CONVERSION = YES;
				CLANG_WARN_OBJC_ROOT_CLASS = YES_ERROR;
				CLANG_WARN_QUOTED_INCLUDE_IN_FRAMEWORK_HEADER = YES;
				CLANG_WARN_RANGE_LOOP_ANALYSIS = YES;
				CLANG_WARN_STRICT_PROTOTYPES = YES;
				CLANG_WARN_SUSPICIOUS_MOVE = YES;
				CLANG_WARN_UNGUARDED_AVAILABILITY = YES_AGGRESSIVE;
				CLANG_WARN_UNREACHABLE_CODE = YES;
				CLANG_WARN__DUPLICATE_METHOD_MATCH = YES;
				COPY_PHASE_STRIP = NO;
				CURRENT_PROJECT_VERSION = 1;
				DEBUG_INFORMATION_FORMAT = dwarf;
				ENABLE_STRICT_OBJC_MSGSEND = YES;
				ENABLE_TESTABILITY = YES;
				GCC_C_LANGUAGE_STANDARD = gnu11;
				GCC_DYNAMIC_NO_PIC = NO;
				GCC_NO_COMMON_BLOCKS = YES;
				GCC_OPTIMIZATION_LEVEL = 0;
				GCC_PREPROCESSOR_DEFINITIONS = (
					"DEBUG=1",
					"$(inherited)",
				);
				GCC_WARN_64_TO_32_BIT_CONVERSION = YES;
				GCC_WARN_ABOUT_RETURN_TYPE = YES_ERROR;
				GCC_WARN_UNDECLARED_SELECTOR = YES;
				GCC_WARN_UNINITIALIZED_AUTOS = YES_AGGRESSIVE;
				GCC_WARN_UNUSED_FUNCTION = YES;
				GCC_WARN_UNUSED_VARIABLE = YES;
				IPHONEOS_DEPLOYMENT_TARGET = 13.0;
				MTL_ENABLE_DEBUG_INFO = INCLUDE_SOURCE;
				MTL_FAST_MATH = YES;
				ONLY_ACTIVE_ARCH = YES;
				SDKROOT = iphoneos;
				SWIFT_ACTIVE_COMPILATION_CONDITIONS = DEBUG;
				SWIFT_OPTIMIZATION_LEVEL = "-Onone";
				VERSIONING_SYSTEM = "apple-generic";
				VERSION_INFO_PREFIX = "";
			};
			name = Debug;
		};
		26D13F5F2807B70D0066521C /* Release */ = {
			isa = XCBuildConfiguration;
			buildSettings = {
				ALWAYS_SEARCH_USER_PATHS = NO;
				CLANG_ANALYZER_NONNULL = YES;
				CLANG_ANALYZER_NUMBER_OBJECT_CONVERSION = YES_AGGRESSIVE;
				CLANG_CXX_LANGUAGE_STANDARD = "gnu++17";
				CLANG_ENABLE_MODULES = YES;
				CLANG_ENABLE_OBJC_ARC = YES;
				CLANG_ENABLE_OBJC_WEAK = YES;
				CLANG_WARN_BLOCK_CAPTURE_AUTORELEASING = YES;
				CLANG_WARN_BOOL_CONVERSION = YES;
				CLANG_WARN_COMMA = YES;
				CLANG_WARN_CONSTANT_CONVERSION = YES;
				CLANG_WARN_DEPRECATED_OBJC_IMPLEMENTATIONS = YES;
				CLANG_WARN_DIRECT_OBJC_ISA_USAGE = YES_ERROR;
				CLANG_WARN_DOCUMENTATION_COMMENTS = YES;
				CLANG_WARN_EMPTY_BODY = YES;
				CLANG_WARN_ENUM_CONVERSION = YES;
				CLANG_WARN_INFINITE_RECURSION = YES;
				CLANG_WARN_INT_CONVERSION = YES;
				CLANG_WARN_NON_LITERAL_NULL_CONVERSION = YES;
				CLANG_WARN_OBJC_IMPLICIT_RETAIN_SELF = YES;
				CLANG_WARN_OBJC_LITERAL_CONVERSION = YES;
				CLANG_WARN_OBJC_ROOT_CLASS = YES_ERROR;
				CLANG_WARN_QUOTED_INCLUDE_IN_FRAMEWORK_HEADER = YES;
				CLANG_WARN_RANGE_LOOP_ANALYSIS = YES;
				CLANG_WARN_STRICT_PROTOTYPES = YES;
				CLANG_WARN_SUSPICIOUS_MOVE = YES;
				CLANG_WARN_UNGUARDED_AVAILABILITY = YES_AGGRESSIVE;
				CLANG_WARN_UNREACHABLE_CODE = YES;
				CLANG_WARN__DUPLICATE_METHOD_MATCH = YES;
				COPY_PHASE_STRIP = NO;
				CURRENT_PROJECT_VERSION = 1;
				DEBUG_INFORMATION_FORMAT = "dwarf-with-dsym";
				ENABLE_NS_ASSERTIONS = NO;
				ENABLE_STRICT_OBJC_MSGSEND = YES;
				GCC_C_LANGUAGE_STANDARD = gnu11;
				GCC_NO_COMMON_BLOCKS = YES;
				GCC_WARN_64_TO_32_BIT_CONVERSION = YES;
				GCC_WARN_ABOUT_RETURN_TYPE = YES_ERROR;
				GCC_WARN_UNDECLARED_SELECTOR = YES;
				GCC_WARN_UNINITIALIZED_AUTOS = YES_AGGRESSIVE;
				GCC_WARN_UNUSED_FUNCTION = YES;
				GCC_WARN_UNUSED_VARIABLE = YES;
				IPHONEOS_DEPLOYMENT_TARGET = 13.0;
				MTL_ENABLE_DEBUG_INFO = NO;
				MTL_FAST_MATH = YES;
				SDKROOT = iphoneos;
				SWIFT_COMPILATION_MODE = wholemodule;
				SWIFT_OPTIMIZATION_LEVEL = "-O";
				VALIDATE_PRODUCT = YES;
				VERSIONING_SYSTEM = "apple-generic";
				VERSION_INFO_PREFIX = "";
			};
			name = Release;
		};
		26D13F612807B70D0066521C /* Debug */ = {
			isa = XCBuildConfiguration;
			buildSettings = {
				CODE_SIGN_STYLE = Automatic;
				CURRENT_PROJECT_VERSION = 2;
				DEFINES_MODULE = YES;
				DEVELOPMENT_TEAM = 5MYJ23X4AP;
				DYLIB_COMPATIBILITY_VERSION = 1;
				DYLIB_CURRENT_VERSION = 1;
				DYLIB_INSTALL_NAME_BASE = "@rpath";
				GENERATE_INFOPLIST_FILE = YES;
				INFOPLIST_KEY_NSHumanReadableCopyright = "";
				INSTALL_PATH = "$(LOCAL_LIBRARY_DIR)/Frameworks";
				IPHONEOS_DEPLOYMENT_TARGET = 13.0;
				LD_RUNPATH_SEARCH_PATHS = (
					"$(inherited)",
					"@executable_path/Frameworks",
					"@loader_path/Frameworks",
				);
				MARKETING_VERSION = 0.0.2;
				PRODUCT_BUNDLE_IDENTIFIER = com.wwh.WHFoundationExtension;
				PRODUCT_NAME = "$(TARGET_NAME:c99extidentifier)";
				SKIP_INSTALL = YES;
				SUPPORTS_MACCATALYST = NO;
				SWIFT_EMIT_LOC_STRINGS = YES;
				SWIFT_VERSION = 5.0;
				TARGETED_DEVICE_FAMILY = 1;
			};
			name = Debug;
		};
		26D13F622807B70D0066521C /* Release */ = {
			isa = XCBuildConfiguration;
			buildSettings = {
				CODE_SIGN_STYLE = Automatic;
				CURRENT_PROJECT_VERSION = 2;
				DEFINES_MODULE = YES;
				DEVELOPMENT_TEAM = 5MYJ23X4AP;
				DYLIB_COMPATIBILITY_VERSION = 1;
				DYLIB_CURRENT_VERSION = 1;
				DYLIB_INSTALL_NAME_BASE = "@rpath";
				GENERATE_INFOPLIST_FILE = YES;
				INFOPLIST_KEY_NSHumanReadableCopyright = "";
				INSTALL_PATH = "$(LOCAL_LIBRARY_DIR)/Frameworks";
				IPHONEOS_DEPLOYMENT_TARGET = 13.0;
				LD_RUNPATH_SEARCH_PATHS = (
					"$(inherited)",
					"@executable_path/Frameworks",
					"@loader_path/Frameworks",
				);
				MARKETING_VERSION = 0.0.2;
				PRODUCT_BUNDLE_IDENTIFIER = com.wwh.WHFoundationExtension;
				PRODUCT_NAME = "$(TARGET_NAME:c99extidentifier)";
				SKIP_INSTALL = YES;
				SUPPORTS_MACCATALYST = NO;
				SWIFT_EMIT_LOC_STRINGS = YES;
				SWIFT_VERSION = 5.0;
				TARGETED_DEVICE_FAMILY = 1;
			};
			name = Release;
		};
		26D13F642807B70D0066521C /* Debug */ = {
			isa = XCBuildConfiguration;
			buildSettings = {
				ALWAYS_EMBED_SWIFT_STANDARD_LIBRARIES = YES;
				CODE_SIGN_STYLE = Automatic;
				CURRENT_PROJECT_VERSION = 1;
				DEVELOPMENT_TEAM = 5MYJ23X4AP;
				GENERATE_INFOPLIST_FILE = YES;
				MARKETING_VERSION = 1.0;
				PRODUCT_BUNDLE_IDENTIFIER = com.wwh.WHFoundationExtensionTests;
				PRODUCT_NAME = "$(TARGET_NAME)";
				SWIFT_EMIT_LOC_STRINGS = NO;
				SWIFT_VERSION = 5.0;
				TARGETED_DEVICE_FAMILY = "1,2";
			};
			name = Debug;
		};
		26D13F652807B70D0066521C /* Release */ = {
			isa = XCBuildConfiguration;
			buildSettings = {
				ALWAYS_EMBED_SWIFT_STANDARD_LIBRARIES = YES;
				CODE_SIGN_STYLE = Automatic;
				CURRENT_PROJECT_VERSION = 1;
				DEVELOPMENT_TEAM = 5MYJ23X4AP;
				GENERATE_INFOPLIST_FILE = YES;
				MARKETING_VERSION = 1.0;
				PRODUCT_BUNDLE_IDENTIFIER = com.wwh.WHFoundationExtensionTests;
				PRODUCT_NAME = "$(TARGET_NAME)";
				SWIFT_EMIT_LOC_STRINGS = NO;
				SWIFT_VERSION = 5.0;
				TARGETED_DEVICE_FAMILY = "1,2";
			};
			name = Release;
		};
/* End XCBuildConfiguration section */

/* Begin XCConfigurationList section */
		26D13F462807B70D0066521C /* Build configuration list for PBXProject "WHFoundationExtension" */ = {
			isa = XCConfigurationList;
			buildConfigurations = (
				26D13F5E2807B70D0066521C /* Debug */,
				26D13F5F2807B70D0066521C /* Release */,
			);
			defaultConfigurationIsVisible = 0;
			defaultConfigurationName = Release;
		};
		26D13F602807B70D0066521C /* Build configuration list for PBXNativeTarget "WHFoundationExtension" */ = {
			isa = XCConfigurationList;
			buildConfigurations = (
				26D13F612807B70D0066521C /* Debug */,
				26D13F622807B70D0066521C /* Release */,
			);
			defaultConfigurationIsVisible = 0;
			defaultConfigurationName = Release;
		};
		26D13F632807B70D0066521C /* Build configuration list for PBXNativeTarget "WHFoundationExtensionTests" */ = {
			isa = XCConfigurationList;
			buildConfigurations = (
				26D13F642807B70D0066521C /* Debug */,
				26D13F652807B70D0066521C /* Release */,
			);
			defaultConfigurationIsVisible = 0;
			defaultConfigurationName = Release;
		};
/* End XCConfigurationList section */
	};
	rootObject = 26D13F432807B70D0066521C /* Project object */;
}
